
Microsoft Visual Studio Solution File, Format Version 12.00
# Visual Studio 15
VisualStudioVersion = 15.0.27130.2036
MinimumVisualStudioVersion = 10.0.40219.1
Project("{FAE04EC0-301F-11D3-BF4B-00C04F79EFBC}") = "first", "first\first.csproj", "{3842259D-CA51-4C30-B5C9-489AEA688E6E}"
EndProject
Global
	GlobalSection(SolutionConfigurationPlatforms) = preSolution
		Debug|Any CPU = Debug|Any CPU
		Release|Any CPU = Release|Any CPU
	EndGlobalSection
	GlobalSection(ProjectConfigurationPlatforms) = postSolution
		{3842259D-CA51-4C30-B5C9-489AEA688E6E}.Debug|Any CPU.ActiveCfg = Debug|Any CPU
		{3842259D-CA51-4C30-B5C9-489AEA688E6E}.Debug|Any CPU.Build.0 = Debug|Any CPU
		{3842259D-CA51-4C30-B5C9-489AEA688E6E}.Release|Any CPU.ActiveCfg = Release|Any CPU
		{3842259D-CA51-4C30-B5C9-489AEA688E6E}.Release|Any CPU.Build.0 = Release|Any CPU
	EndGlobalSection
	GlobalSection(SolutionProperties) = preSolution
		HideSolutionNode = FALSE
	EndGlobalSection
	GlobalSection(ExtensibilityGlobals) = postSolution
		SolutionGuid = {795E5151-8598-438F-B7AD-4EF46DBF35B3}
	EndGlobalSection
EndGlobal
