
Microsoft Visual Studio Solution File, Format Version 12.00
# Visual Studio 15
VisualStudioVersion = 15.0.27428.2037
MinimumVisualStudioVersion = 10.0.40219.1
Project("{8BC9CEB8-8B4A-11D0-8D11-00A0C91BC942}") = "task 3", "task 3\task 3.vcxproj", "{81973454-0C4F-436C-8AB0-6A0A298A69C7}"
EndProject
Global
	GlobalSection(SolutionConfigurationPlatforms) = preSolution
		Debug|x64 = Debug|x64
		Debug|x86 = Debug|x86
		Release|x64 = Release|x64
		Release|x86 = Release|x86
	EndGlobalSection
	GlobalSection(ProjectConfigurationPlatforms) = postSolution
		{81973454-0C4F-436C-8AB0-6A0A298A69C7}.Debug|x64.ActiveCfg = Debug|x64
		{81973454-0C4F-436C-8AB0-6A0A298A69C7}.Debug|x64.Build.0 = Debug|x64
		{81973454-0C4F-436C-8AB0-6A0A298A69C7}.Debug|x86.ActiveCfg = Debug|Win32
		{81973454-0C4F-436C-8AB0-6A0A298A69C7}.Debug|x86.Build.0 = Debug|Win32
		{81973454-0C4F-436C-8AB0-6A0A298A69C7}.Release|x64.ActiveCfg = Release|x64
		{81973454-0C4F-436C-8AB0-6A0A298A69C7}.Release|x64.Build.0 = Release|x64
		{81973454-0C4F-436C-8AB0-6A0A298A69C7}.Release|x86.ActiveCfg = Release|Win32
		{81973454-0C4F-436C-8AB0-6A0A298A69C7}.Release|x86.Build.0 = Release|Win32
	EndGlobalSection
	GlobalSection(SolutionProperties) = preSolution
		HideSolutionNode = FALSE
	EndGlobalSection
	GlobalSection(ExtensibilityGlobals) = postSolution
		SolutionGuid = {FC96F3F5-3DA2-4EF2-AC47-352D2CCCA461}
	EndGlobalSection
EndGlobal
