
Microsoft Visual Studio Solution File, Format Version 12.00
# Visual Studio 15
VisualStudioVersion = 15.0.27428.2037
MinimumVisualStudioVersion = 10.0.40219.1
Project("{8BC9CEB8-8B4A-11D0-8D11-00A0C91BC942}") = "overloading", "overloading\overloading.vcxproj", "{EEF6530B-80A1-4876-B4AB-2DBCB55EB137}"
EndProject
Global
	GlobalSection(SolutionConfigurationPlatforms) = preSolution
		Debug|x64 = Debug|x64
		Debug|x86 = Debug|x86
		Release|x64 = Release|x64
		Release|x86 = Release|x86
	EndGlobalSection
	GlobalSection(ProjectConfigurationPlatforms) = postSolution
		{EEF6530B-80A1-4876-B4AB-2DBCB55EB137}.Debug|x64.ActiveCfg = Debug|x64
		{EEF6530B-80A1-4876-B4AB-2DBCB55EB137}.Debug|x64.Build.0 = Debug|x64
		{EEF6530B-80A1-4876-B4AB-2DBCB55EB137}.Debug|x86.ActiveCfg = Debug|Win32
		{EEF6530B-80A1-4876-B4AB-2DBCB55EB137}.Debug|x86.Build.0 = Debug|Win32
		{EEF6530B-80A1-4876-B4AB-2DBCB55EB137}.Release|x64.ActiveCfg = Release|x64
		{EEF6530B-80A1-4876-B4AB-2DBCB55EB137}.Release|x64.Build.0 = Release|x64
		{EEF6530B-80A1-4876-B4AB-2DBCB55EB137}.Release|x86.ActiveCfg = Release|Win32
		{EEF6530B-80A1-4876-B4AB-2DBCB55EB137}.Release|x86.Build.0 = Release|Win32
	EndGlobalSection
	GlobalSection(SolutionProperties) = preSolution
		HideSolutionNode = FALSE
	EndGlobalSection
	GlobalSection(ExtensibilityGlobals) = postSolution
		SolutionGuid = {9613D663-7364-4B55-B663-1F64406FDE65}
	EndGlobalSection
EndGlobal
