
Microsoft Visual Studio Solution File, Format Version 12.00
# Visual Studio 15
VisualStudioVersion = 15.0.27428.2037
MinimumVisualStudioVersion = 10.0.40219.1
Project("{8BC9CEB8-8B4A-11D0-8D11-00A0C91BC942}") = "chap 6 ex 3", "chap 6 ex 3\chap 6 ex 3.vcxproj", "{6B9A9F99-E064-4548-B1B2-91073B9A212D}"
EndProject
Global
	GlobalSection(SolutionConfigurationPlatforms) = preSolution
		Debug|x64 = Debug|x64
		Debug|x86 = Debug|x86
		Release|x64 = Release|x64
		Release|x86 = Release|x86
	EndGlobalSection
	GlobalSection(ProjectConfigurationPlatforms) = postSolution
		{6B9A9F99-E064-4548-B1B2-91073B9A212D}.Debug|x64.ActiveCfg = Debug|x64
		{6B9A9F99-E064-4548-B1B2-91073B9A212D}.Debug|x64.Build.0 = Debug|x64
		{6B9A9F99-E064-4548-B1B2-91073B9A212D}.Debug|x86.ActiveCfg = Debug|Win32
		{6B9A9F99-E064-4548-B1B2-91073B9A212D}.Debug|x86.Build.0 = Debug|Win32
		{6B9A9F99-E064-4548-B1B2-91073B9A212D}.Release|x64.ActiveCfg = Release|x64
		{6B9A9F99-E064-4548-B1B2-91073B9A212D}.Release|x64.Build.0 = Release|x64
		{6B9A9F99-E064-4548-B1B2-91073B9A212D}.Release|x86.ActiveCfg = Release|Win32
		{6B9A9F99-E064-4548-B1B2-91073B9A212D}.Release|x86.Build.0 = Release|Win32
	EndGlobalSection
	GlobalSection(SolutionProperties) = preSolution
		HideSolutionNode = FALSE
	EndGlobalSection
	GlobalSection(ExtensibilityGlobals) = postSolution
		SolutionGuid = {CBC5E3EB-F4DA-4293-AA05-7DA3D10EBDC1}
	EndGlobalSection
EndGlobal
