
Microsoft Visual Studio Solution File, Format Version 12.00
# Visual Studio 15
VisualStudioVersion = 15.0.27428.2037
MinimumVisualStudioVersion = 10.0.40219.1
Project("{8BC9CEB8-8B4A-11D0-8D11-00A0C91BC942}") = "Q 1", "Q 1\Q 1.vcxproj", "{A32F0B40-9A49-424F-9E17-6BB54CC89305}"
EndProject
Global
	GlobalSection(SolutionConfigurationPlatforms) = preSolution
		Debug|x64 = Debug|x64
		Debug|x86 = Debug|x86
		Release|x64 = Release|x64
		Release|x86 = Release|x86
	EndGlobalSection
	GlobalSection(ProjectConfigurationPlatforms) = postSolution
		{A32F0B40-9A49-424F-9E17-6BB54CC89305}.Debug|x64.ActiveCfg = Debug|x64
		{A32F0B40-9A49-424F-9E17-6BB54CC89305}.Debug|x64.Build.0 = Debug|x64
		{A32F0B40-9A49-424F-9E17-6BB54CC89305}.Debug|x86.ActiveCfg = Debug|Win32
		{A32F0B40-9A49-424F-9E17-6BB54CC89305}.Debug|x86.Build.0 = Debug|Win32
		{A32F0B40-9A49-424F-9E17-6BB54CC89305}.Release|x64.ActiveCfg = Release|x64
		{A32F0B40-9A49-424F-9E17-6BB54CC89305}.Release|x64.Build.0 = Release|x64
		{A32F0B40-9A49-424F-9E17-6BB54CC89305}.Release|x86.ActiveCfg = Release|Win32
		{A32F0B40-9A49-424F-9E17-6BB54CC89305}.Release|x86.Build.0 = Release|Win32
	EndGlobalSection
	GlobalSection(SolutionProperties) = preSolution
		HideSolutionNode = FALSE
	EndGlobalSection
	GlobalSection(ExtensibilityGlobals) = postSolution
		SolutionGuid = {19921145-A3A5-4EEC-9FAA-E8797A0027A0}
	EndGlobalSection
EndGlobal
